
Microsoft Visual Studio Solution File, Format Version 12.00
# Visual Studio Version 17
VisualStudioVersion = 17.4.33110.190
MinimumVisualStudioVersion = 10.0.40219.1
Project("{FAE04EC0-301F-11D3-BF4B-00C04F79EFBC}") = "CAPENEXISLEARNERS2022", "CAPENEXISLEARNERS2022.csproj", "{DB8A1C8B-A12B-4732-938F-BB254A2C19E3}"
EndProject
Global
	GlobalSection(SolutionConfigurationPlatforms) = preSolution
		Debug|Any CPU = Debug|Any CPU
		Release|Any CPU = Release|Any CPU
	EndGlobalSection
	GlobalSection(ProjectConfigurationPlatforms) = postSolution
		{DB8A1C8B-A12B-4732-938F-BB254A2C19E3}.Debug|Any CPU.ActiveCfg = Debug|Any CPU
		{DB8A1C8B-A12B-4732-938F-BB254A2C19E3}.Debug|Any CPU.Build.0 = Debug|Any CPU
		{DB8A1C8B-A12B-4732-938F-BB254A2C19E3}.Release|Any CPU.ActiveCfg = Release|Any CPU
		{DB8A1C8B-A12B-4732-938F-BB254A2C19E3}.Release|Any CPU.Build.0 = Release|Any CPU
	EndGlobalSection
	GlobalSection(SolutionProperties) = preSolution
		HideSolutionNode = FALSE
	EndGlobalSection
	GlobalSection(ExtensibilityGlobals) = postSolution
		SolutionGuid = {496A2A39-6540-4049-9914-F71476583499}
	EndGlobalSection
EndGlobal
